
Microsoft Visual Studio Solution File, Format Version 12.00
Project("{FAE04EC0-301F-11D3-BF4B-00C04F79EFBC}") = "OllamaToolConsoleApp", "OllamaToolConsoleApp\OllamaToolConsoleApp.csproj", "{0FEB7406-C4BC-4672-BC8C-883BD24DA443}"
EndProject
Project("{FAE04EC0-301F-11D3-BF4B-00C04F79EFBC}") = "LMFunctionSourceGenerator", "LMFunctionSourceGenerator\LMFunctionSourceGenerator\LMFunctionSourceGenerator.csproj", "{5DA17993-0F78-400D-AB77-BEE2B3B6E658}"
EndProject
Global
	GlobalSection(SolutionConfigurationPlatforms) = preSolution
		Debug|Any CPU = Debug|Any CPU
		Release|Any CPU = Release|Any CPU
	EndGlobalSection
	GlobalSection(ProjectConfigurationPlatforms) = postSolution
		{0FEB7406-C4BC-4672-BC8C-883BD24DA443}.Debug|Any CPU.ActiveCfg = Debug|Any CPU
		{0FEB7406-C4BC-4672-BC8C-883BD24DA443}.Debug|Any CPU.Build.0 = Debug|Any CPU
		{0FEB7406-C4BC-4672-BC8C-883BD24DA443}.Release|Any CPU.ActiveCfg = Release|Any CPU
		{0FEB7406-C4BC-4672-BC8C-883BD24DA443}.Release|Any CPU.Build.0 = Release|Any CPU
		{5DA17993-0F78-400D-AB77-BEE2B3B6E658}.Debug|Any CPU.ActiveCfg = Debug|Any CPU
		{5DA17993-0F78-400D-AB77-BEE2B3B6E658}.Debug|Any CPU.Build.0 = Debug|Any CPU
		{5DA17993-0F78-400D-AB77-BEE2B3B6E658}.Release|Any CPU.ActiveCfg = Release|Any CPU
		{5DA17993-0F78-400D-AB77-BEE2B3B6E658}.Release|Any CPU.Build.0 = Release|Any CPU
	EndGlobalSection
EndGlobal
