
Microsoft Visual Studio Solution File, Format Version 12.00
# Visual Studio Version 17
VisualStudioVersion = 17.0.31903.59
MinimumVisualStudioVersion = 10.0.40219.1
Project("{FAE04EC0-301F-11D3-BF4B-00C04F79EFBC}") = "MCPClient", "MCPClient\MCPClient.csproj", "{08C42D25-3976-471A-AEED-570A9B9A26BF}"
EndProject
Project("{FAE04EC0-301F-11D3-BF4B-00C04F79EFBC}") = "MCPServer", "MCPServer\MCPServer.csproj", "{43F3FB6F-A641-47AA-B448-825A4F3CF9E0}"
EndProject
Global
	GlobalSection(SolutionConfigurationPlatforms) = preSolution
		Debug|Any CPU = Debug|Any CPU
		Debug|x64 = Debug|x64
		Debug|x86 = Debug|x86
		Release|Any CPU = Release|Any CPU
		Release|x64 = Release|x64
		Release|x86 = Release|x86
	EndGlobalSection
	GlobalSection(ProjectConfigurationPlatforms) = postSolution
		{08C42D25-3976-471A-AEED-570A9B9A26BF}.Debug|Any CPU.ActiveCfg = Debug|Any CPU
		{08C42D25-3976-471A-AEED-570A9B9A26BF}.Debug|Any CPU.Build.0 = Debug|Any CPU
		{08C42D25-3976-471A-AEED-570A9B9A26BF}.Debug|x64.ActiveCfg = Debug|Any CPU
		{08C42D25-3976-471A-AEED-570A9B9A26BF}.Debug|x64.Build.0 = Debug|Any CPU
		{08C42D25-3976-471A-AEED-570A9B9A26BF}.Debug|x86.ActiveCfg = Debug|Any CPU
		{08C42D25-3976-471A-AEED-570A9B9A26BF}.Debug|x86.Build.0 = Debug|Any CPU
		{08C42D25-3976-471A-AEED-570A9B9A26BF}.Release|Any CPU.ActiveCfg = Release|Any CPU
		{08C42D25-3976-471A-AEED-570A9B9A26BF}.Release|Any CPU.Build.0 = Release|Any CPU
		{08C42D25-3976-471A-AEED-570A9B9A26BF}.Release|x64.ActiveCfg = Release|Any CPU
		{08C42D25-3976-471A-AEED-570A9B9A26BF}.Release|x64.Build.0 = Release|Any CPU
		{08C42D25-3976-471A-AEED-570A9B9A26BF}.Release|x86.ActiveCfg = Release|Any CPU
		{08C42D25-3976-471A-AEED-570A9B9A26BF}.Release|x86.Build.0 = Release|Any CPU
		{43F3FB6F-A641-47AA-B448-825A4F3CF9E0}.Debug|Any CPU.ActiveCfg = Debug|Any CPU
		{43F3FB6F-A641-47AA-B448-825A4F3CF9E0}.Debug|Any CPU.Build.0 = Debug|Any CPU
		{43F3FB6F-A641-47AA-B448-825A4F3CF9E0}.Debug|x64.ActiveCfg = Debug|Any CPU
		{43F3FB6F-A641-47AA-B448-825A4F3CF9E0}.Debug|x64.Build.0 = Debug|Any CPU
		{43F3FB6F-A641-47AA-B448-825A4F3CF9E0}.Debug|x86.ActiveCfg = Debug|Any CPU
		{43F3FB6F-A641-47AA-B448-825A4F3CF9E0}.Debug|x86.Build.0 = Debug|Any CPU
		{43F3FB6F-A641-47AA-B448-825A4F3CF9E0}.Release|Any CPU.ActiveCfg = Release|Any CPU
		{43F3FB6F-A641-47AA-B448-825A4F3CF9E0}.Release|Any CPU.Build.0 = Release|Any CPU
		{43F3FB6F-A641-47AA-B448-825A4F3CF9E0}.Release|x64.ActiveCfg = Release|Any CPU
		{43F3FB6F-A641-47AA-B448-825A4F3CF9E0}.Release|x64.Build.0 = Release|Any CPU
		{43F3FB6F-A641-47AA-B448-825A4F3CF9E0}.Release|x86.ActiveCfg = Release|Any CPU
		{43F3FB6F-A641-47AA-B448-825A4F3CF9E0}.Release|x86.Build.0 = Release|Any CPU
	EndGlobalSection
	GlobalSection(SolutionProperties) = preSolution
		HideSolutionNode = FALSE
	EndGlobalSection
EndGlobal
